
Microsoft Visual Studio Solution File, Format Version 12.00
# Visual Studio Version 17
VisualStudioVersion = 17.3.32819.101
MinimumVisualStudioVersion = 10.0.40219.1
Project("{FAE04EC0-301F-11D3-BF4B-00C04F79EFBC}") = "Lab_2_Sorting", "Lab_2_Sorting\Lab_2_Sorting.csproj", "{FA1E53C3-0BF9-42F8-A1B7-D49CF3606C05}"
EndProject
Project("{FAE04EC0-301F-11D3-BF4B-00C04F79EFBC}") = "SortingTests", "SortingTests\SortingTests.csproj", "{87E5045A-C30C-4495-97FA-BFC4238EFCF7}"
EndProject
Global
	GlobalSection(SolutionConfigurationPlatforms) = preSolution
		Debug|Any CPU = Debug|Any CPU
		Release|Any CPU = Release|Any CPU
	EndGlobalSection
	GlobalSection(ProjectConfigurationPlatforms) = postSolution
		{FA1E53C3-0BF9-42F8-A1B7-D49CF3606C05}.Debug|Any CPU.ActiveCfg = Debug|Any CPU
		{FA1E53C3-0BF9-42F8-A1B7-D49CF3606C05}.Debug|Any CPU.Build.0 = Debug|Any CPU
		{FA1E53C3-0BF9-42F8-A1B7-D49CF3606C05}.Release|Any CPU.ActiveCfg = Release|Any CPU
		{FA1E53C3-0BF9-42F8-A1B7-D49CF3606C05}.Release|Any CPU.Build.0 = Release|Any CPU
		{87E5045A-C30C-4495-97FA-BFC4238EFCF7}.Debug|Any CPU.ActiveCfg = Debug|Any CPU
		{87E5045A-C30C-4495-97FA-BFC4238EFCF7}.Debug|Any CPU.Build.0 = Debug|Any CPU
		{87E5045A-C30C-4495-97FA-BFC4238EFCF7}.Release|Any CPU.ActiveCfg = Release|Any CPU
		{87E5045A-C30C-4495-97FA-BFC4238EFCF7}.Release|Any CPU.Build.0 = Release|Any CPU
	EndGlobalSection
	GlobalSection(SolutionProperties) = preSolution
		HideSolutionNode = FALSE
	EndGlobalSection
	GlobalSection(ExtensibilityGlobals) = postSolution
		SolutionGuid = {BC754BD3-B617-4F8A-9EF9-CA34B1A346DE}
	EndGlobalSection
EndGlobal
